
Microsoft Visual Studio Solution File, Format Version 12.00
# Visual Studio Version 16
VisualStudioVersion = 16.0.31624.102
MinimumVisualStudioVersion = 10.0.40219.1
Project("{FAE04EC0-301F-11D3-BF4B-00C04F79EFBC}") = "ProyectoTarea3", "ProyectoTarea3.csproj", "{EC9F2C38-8F00-424E-9F13-EF36EC42396F}"
EndProject
Global
	GlobalSection(SolutionConfigurationPlatforms) = preSolution
		Debug|Any CPU = Debug|Any CPU
		Release|Any CPU = Release|Any CPU
	EndGlobalSection
	GlobalSection(ProjectConfigurationPlatforms) = postSolution
		{EC9F2C38-8F00-424E-9F13-EF36EC42396F}.Debug|Any CPU.ActiveCfg = Debug|Any CPU
		{EC9F2C38-8F00-424E-9F13-EF36EC42396F}.Debug|Any CPU.Build.0 = Debug|Any CPU
		{EC9F2C38-8F00-424E-9F13-EF36EC42396F}.Release|Any CPU.ActiveCfg = Release|Any CPU
		{EC9F2C38-8F00-424E-9F13-EF36EC42396F}.Release|Any CPU.Build.0 = Release|Any CPU
	EndGlobalSection
	GlobalSection(SolutionProperties) = preSolution
		HideSolutionNode = FALSE
	EndGlobalSection
	GlobalSection(ExtensibilityGlobals) = postSolution
		SolutionGuid = {6B239BB3-8CB4-4E03-9874-6DC2114135CD}
	EndGlobalSection
EndGlobal
